lockfileVersion: '9.0'

settings:
  autoInstallPeers: true
  excludeLinksFromLockfile: false

importers:

  .:
    dependencies:
      '@supabase/ssr':
        specifier: ^0.12.7
        version: 0.12.7(@supabase/supabase-js@2.117.2)
      '@supabase/supabase-js':
        specifier: ^2.117.2
        version: 2.117.2
      file-type:
        specifier: ^22.1.1
        version: 22.1.1
      lucide-react:
        specifier: ^1.51.0
        version: 1.51.0(@types/react@19.2.14)(react@19.2.4)
      next:
        specifier: ^16.0.0
        version: 16.3.8(@types/node@22.19.17)(react-dom@19.2.4(react@19.2.4))(react@19.2.4)
      react:
        specifier: ^19.0.0
        version: 19.2.4
      react-dom:
        specifier: ^19.0.0
        version: 19.2.4(react@19.2.4)
      ssh2-sftp-client:
        specifier: ^12.1.1
        version: 12.1.1
    devDependencies:
      '@electric-sql/pglite':
        specifier: ^0.5.8
        version: 0.5.8
      '@tailwindcss/postcss':
        specifier: ^4.0.0
        version: 4.3.3
      '@types/node':
        specifier: ^22.0.0
        version: 22.19.17
      '@types/react':
        specifier: ^19.0.0
        version: 19.2.14
      '@types/react-dom':
        specifier: ^19.0.0
        version: 19.2.3(@types/react@19.2.14)
      '@types/ssh2-sftp-client':
        specifier: ^9.0.6
        version: 9.0.6
      oxfmt:
        specifier: ^0.2.0
        version: 0.2.0
      tailwindcss:
        specifier: ^4.0.0
        version: 4.2.2
      typescript:
        specifier: ^5.7.0
        version: 5.9.3

packages:

  '@alloc/quick-lru@5.3.0':
    resolution: {integrity: sha512-U4+70Pc5ZS9osnCBCE5Jha/ciHM+Yp+CNMNC/7HvYbNRk1Ldd+f7qO65W5qfhu/TCv+/ozljlXXe9Nj8419DMA==}
    engines: {node: '>=10'}

  '@borewit/text-codec@0.2.2':
    resolution: {integrity: sha512-DDaRehssg1aNrH4+2hnj1B7vnUGEjU6OIlyRdkMd0aUdIUvKXrJfXsy8LVtXAy7DRvYVluWbMspsRhz2lcW0mQ==}

  '@electric-sql/pglite@0.5.8':
    resolution: {integrity: sha512-n9tsbUOhwx2epK1V0ZG9Ar4SHWUju04dhmzZXiSBXwBoleOvIfals33NAaWgagQVAL4Rbvx/Ptsu3P+pA09f6Q==}

  '@emnapi/runtime@1.11.3':
    resolution: {integrity: sha512-Xz4Tpyki7XyrpbUK1jR1AhdAdaXyhhY4lZ3neLodmhpuWfy2PAQN5B46sAiU4liOXGLkHypn/qU+jvfWSCYYLA==}

  '@img/colour@1.1.0':
    resolution: {integrity: sha512-Td76q7j57o/tLVdgS746cYARfSyxk8iEfRxewL9h4OMzYhbW4TAcppl0mT4eyqXddh6L/jwoM75mo7ixa/pCeQ==}
    engines: {node: '>=18'}

  '@img/sharp-darwin-arm64@0.35.5':
    resolution: {integrity: sha512-QRUlFQ0WxvdWyqqG/WtI3iupfD5rBzmCHXSdPsY91sAtVtTo7Q4cb6zOccZ3gqEqkr0f1As1ehLqmEpDsRf+lg==}
    engines: {node: '>=20.9.0'}
    cpu: [arm64]
    os: [darwin]

  '@img/sharp-darwin-x64@0.35.5':
    resolution: {integrity: sha512-+BR255RhDlpygUpOc/Jdt1nT6DQ3XG/ERo5wbcdOf5Q320dKtPCKPLR1LJs9VGXRaMa8l1uUa0tkCNOXiAxZUw==}
    engines: {node: '>=20.9.0'}
    cpu: [x64]
    os: [darwin]

  '@img/sharp-freebsd-wasm32@0.35.5':
    resolution: {integrity: sha512-Y/z91nEZ4uIBX5X3nfTovjU9lHNKFYbL2lpHCLVNmXQK03VIZvXBBt0KxbPGp2SdGSF+2mQU4e+hQaWOt86iAw==}
    engines: {node: '>=20.9.0'}
    os: [freebsd]

  '@img/sharp-libvips-darwin-arm64@1.3.4':
    resolution: {integrity: sha512-5R89nBYiRdUlSWJxPhO+GVtaXzXSxKnRu/xqMn3KTA3L9EB9Oy/P+Nn2f2vlhPuUdy/Zusb2DarbyTpGCfEDuw==}
    cpu: [arm64]
    os: [darwin]

  '@img/sharp-libvips-darwin-x64@1.3.4':
    resolution: {integrity: sha512-iR2OKH80yi0U+dUplyh3/xdpFvps6YkCwsXenIJxqxR1v9o+xtKTGbS9H7cps+2Vxjc8B1j96p75NmTGjIhtpQ==}
    cpu: [x64]
    os: [darwin]

  '@img/sharp-libvips-linux-arm64@1.3.4':
    resolution: {integrity: sha512-Y3dgX/6lE2QhQb+Gxy0WZxfg9MEm/JBjamZpS2IklP7xIQoKN4hzAm7KcMVGtaVDt3neE9OKBC7vAfonA/Lr1A==}
    cpu: [arm64]
    os: [linux]
    libc: [glibc]

  '@img/sharp-libvips-linux-arm@1.3.4':
    resolution: {integrity: sha512-LmRtTsOHuvM2+wlO2Db37dx5MiZhB0FvSunciw48YjdOkZz9KAiRbm8ujeMOA1INqmei5NapFxYEK1D1ZSidmw==}
    cpu: [arm]
    os: [linux]
    libc: [glibc]

  '@img/sharp-libvips-linux-ppc64@1.3.4':
    resolution: {integrity: sha512-Le6boB8Tai0Nis+gIxIpKx68UDVVIqdR8Tin5Yf1z2LJJQLDJvCDRqRu+jC2qCoD+eIomonmOwB4smBRxfVpYQ==}
    cpu: [ppc64]
    os: [linux]
    libc: [glibc]

  '@img/sharp-libvips-linux-riscv64@1.3.4':
    resolution: {integrity: sha512-aHkkIEHPRdQEegJN20MLmGtxYD9R2wQr3Cwpddnu5+YKMt6Uzax7S9h5gpZTo8wyrGuZSlfQ63OevL5mTyOC7Q==}
    cpu: [riscv64]
    os: [linux]
    libc: [glibc]

  '@img/sharp-libvips-linux-s390x@1.3.4':
    resolution: {integrity: sha512-ra/mB6MikESDUO7Yg+Mi95bFBb9GsObURuhnOv3OqknjGe9sZrG8tCe9q0xSIGrtLgvgw0gKnFWcK4blSgQOuQ==}
    cpu: [s390x]
    os: [linux]
    libc: [glibc]

  '@img/sharp-libvips-linux-x64@1.3.4':
    resolution: {integrity: sha512-GJ//SSXbnwSDes02umB3nDJLFcQzw8a18V8fyhqr6tV515tOEMdImjjxj1AoafMRz56F3PHgftnj1QEKSU1zkw==}
    cpu: [x64]
    os: [linux]
    libc: [glibc]

  '@img/sharp-libvips-linuxmusl-arm64@1.3.4':
    resolution: {integrity: sha512-hvulFwtjUcagsis6BBxHwGFwWoNZjgYmULGVrZcyfNbjA8hKILbRxGg15/7w5HDyXHXUos/j6baAWqnCyQ2DWA==}
    cpu: [arm64]
    os: [linux]
    libc: [musl]

  '@img/sharp-libvips-linuxmusl-x64@1.3.4':
    resolution: {integrity: sha512-6zXKeE/p39I1AmA3cJG35eyBGNqNddLnUXjhwBnsGjFPWqf5VKkDBEqaEkPDoTEtkxwi2vv8Tcr2mDyP4So7Fg==}
    cpu: [x64]
    os: [linux]
    libc: [musl]

  '@img/sharp-linux-arm64@0.35.5':
    resolution: {integrity: sha512-LYVx5JTsOM2CBzmxreh+nl64/3H6Xb09iSLknqH47z2T2DFFxDeFLP5y4dJwe6H7uGQlHPyEEtIqyo3DYsRwdQ==}
    engines: {node: '>=20.9.0'}
    cpu: [arm64]
    os: [linux]
    libc: [glibc]

  '@img/sharp-linux-arm@0.35.5':
    resolution: {integrity: sha512-LEaXK2WdXVK5ykcw0buWyPMsmLLL2vpHLD6yrNSW+JGEL3BZPA4tpKN6iaMc4AxTTAoaX/sU1rOL51lcIz48ZQ==}
    engines: {node: '>=20.9.0'}
    cpu: [arm]
    os: [linux]
    libc: [glibc]

  '@img/sharp-linux-ppc64@0.35.5':
    resolution: {integrity: sha512-QVxAAq8evVRI9ia2vqgwrmWucn5Dfv+JdWzj75pD8omHLPSP7f8p20O8jxzjCcuCEQEOtYOZUmX1hkiZ0kdevA==}
    engines: {node: '>=20.9.0'}
    cpu: [ppc64]
    os: [linux]
    libc: [glibc]

  '@img/sharp-linux-riscv64@0.35.5':
    resolution: {integrity: sha512-LtdreXguaavKODPIfzJ4kffx7UNt1omwtK0rch4EBbbSTXPnxWmYSayXdLJw0fJzQ97kHt1gL/yh4tvU+nCyRQ==}
    engines: {node: '>=20.9.0'}
    cpu: [riscv64]
    os: [linux]
    libc: [glibc]

  '@img/sharp-linux-s390x@0.35.5':
    resolution: {integrity: sha512-UZasTOFiYzotTsGOCu42BfUzP6Tu6Do/947iRm1RsLKvlllxwGcn4RN27LibGWceix4Y+Pmw3jsnTcCQIgWjqA==}
    engines: {node: '>=20.9.0'}
    cpu: [s390x]
    os: [linux]
    libc: [glibc]

  '@img/sharp-linux-x64@0.35.5':
    resolution: {integrity: sha512-SxFtLTeJInhAA9Q836kux2vZNeOBQEx658qvbboZScr0wIARym3IcGmW7KpVD5sbVg0Ojy+udFQdayYIZyoNog==}
    engines: {node: '>=20.9.0'}
    cpu: [x64]
    os: [linux]
    libc: [glibc]

  '@img/sharp-linuxmusl-arm64@0.35.5':
    resolution: {integrity: sha512-9HbMclmI1zlNkFRs3z9/eBtDjfD0sGlrX1z6b1qwmiFY5ElDLh4BC0LPBdVp7z1DXFiKlIcznf+ZlsuZzLxQqg==}
    engines: {node: '>=20.9.0'}
    cpu: [arm64]
    os: [linux]
    libc: [musl]

  '@img/sharp-linuxmusl-x64@0.35.5':
    resolution: {integrity: sha512-4KOphqB035HrVdqLZfCgMzzERrQkkzOwRhl4OAkRO1YCldbaFjySXMaK534Mo0V+LndnlJk+sbUyLeU0ULyD1A==}
    engines: {node: '>=20.9.0'}
    cpu: [x64]
    os: [linux]
    libc: [musl]

  '@img/sharp-wasm32@0.35.5':
    resolution: {integrity: sha512-Ptsga1su4tQx+LLF1ECS9U6nz5kmrXKo6XVbtR48Ke3ZRxxgaWBu7IDtEe1quo8hiupwm6WFqxVlXaSf7IINGQ==}
    engines: {node: '>=20.9.0'}

  '@img/sharp-webcontainers-wasm32@0.35.5':
    resolution: {integrity: sha512-hfhF/FmoQyTUkA0bIKFOtw536BQSeBMe6BF6QyWlrPxT754+TFLaZ7sKKTfvvM0yJgKgaYTwnFCIZ/GuDw5SUA==}
    engines: {node: '>=20.9.0'}
    cpu: [wasm32]

  '@img/sharp-win32-arm64@0.35.5':
    resolution: {integrity: sha512-X4t7g+7ZA5DKblCBEXGjUqqemj4vczING/5viFwAL8h4N3qYeyjwdCvRLHi4EdOUI+2Z7UFlp1VM+p/AuEtm6Q==}
    engines: {node: '>=20.9.0'}
    cpu: [arm64]
    os: [win32]

  '@img/sharp-win32-ia32@0.35.5':
    resolution: {integrity: sha512-5Zm82LoBc43nhwNybZlG7Y1KO//Zhsn306fQl29ZOuStHLGTo3BWL83q3cznX0poxSAMuYL1On/BHBxkBeKr6A==}
    engines: {node: ^20.9.0}
    cpu: [ia32]
    os: [win32]

  '@img/sharp-win32-x64@0.35.5':
    resolution: {integrity: sha512-x76eH0vEiHlcMQu8Y8IenntaACtddpT6W0wmXtWrnKcnKI7ME5DdgqhAD6SEWOEl1v2zDvkZDhFA9KnURwpfqg==}
    engines: {node: '>=20.9.0'}
    cpu: [x64]
    os: [win32]

  '@jridgewell/gen-mapping@0.3.13':
    resolution: {integrity: sha512-2kkt/7niJ6MgEPxF0bYdQ6etZaA+fQvDcLKckhy1yIQOzaoKjBBjSj63/aLVjYE3qhRt5dvM+uUyfCg6UKCBbA==}

  '@jridgewell/remapping@2.3.5':
    resolution: {integrity: sha512-LI9u/+laYG4Ds1TDKSJW2YPrIlcVYOwi2fUC6xB43lueCjgxV4lffOCZCtYFiH6TNOX+tQKXx97T4IKHbhyHEQ==}

  '@jridgewell/resolve-uri@3.1.2':
    resolution: {integrity: sha512-bRISgCIjP20/tbWSPWMEi54QVPRZExkuD9lJL+UIxUKtwVJA8wW1Trb1jMs1RFXo1CBTNZ/5hpC9QvmKWdopKw==}
    engines: {node: '>=6.0.0'}

  '@jridgewell/sourcemap-codec@1.5.5':
    resolution: {integrity: sha512-cYQ9310grqxueWbl+WuIUIaiUaDcj7WOq5fVhEljNVgRfOUhY9fy2zTvfoqWsnebh8Sl70VScFbICvJnLKB0Og==}

  '@jridgewell/trace-mapping@0.3.31':
    resolution: {integrity: sha512-zzNR+SdQSDJzc8joaeP8QQoCQr8NuYx2dIIytl1QeBEZHJ9uW6hebsrYgbz8hJwUQao3TWCMtmfV8Nu1twOLAw==}

  '@next/env@16.3.8':
    resolution: {integrity: sha512-Al9zqHVV7TJv0eFuOU4U7Lvv74PTih4Ch63sk2xCIpSTkE3udFnaOcnzP2lQVymiL7yS9Cj2iClUXlR3EQ5sEw==}

  '@next/swc-darwin-arm64@16.3.8':
    resolution: {integrity: sha512-2JPRMh2nmQG5CiL7cXGL9AGwnPWJQ//cTtAUCT+w511QHk79SYz3LGv/pc5X643B/WEO0rvu3Yww0hqwt3kgeA==}
    engines: {node: '>= 10'}
    cpu: [arm64]
    os: [darwin]

  '@next/swc-darwin-x64@16.3.8':
    resolution: {integrity: sha512-GZtCCOBKJ4leVIT/Th0llWKhD1ca92lzbQiS5R5ON9QkoiFnilFsebDae1JU2a3HWoKMEmEZWGs1AGLavVM72Q==}
    engines: {node: '>= 10'}
    cpu: [x64]
    os: [darwin]

  '@next/swc-linux-arm64-gnu@16.3.8':
    resolution: {integrity: sha512-O659ygeQYqneJ1fBKMpFxIFqYkYswu8IAS1OCKK/4f3ZgJJm1dRz4fVJZRi/kLLWjnBKnebOePA4WNv+sV1pVA==}
    engines: {node: '>= 10'}
    cpu: [arm64]
    os: [linux]
    libc: [glibc]

  '@next/swc-linux-arm64-musl@16.3.8':
    resolution: {integrity: sha512-dSjKSyWpzxoO1d3DIZZcP4XJcNaKeLmxQMFOiYl5vuBRMmweIqnAhty8tAmRsvTss779cK1FtYnDMj40e4TQlg==}
    engines: {node: '>= 10'}
    cpu: [arm64]
    os: [linux]
    libc: [musl]

  '@next/swc-linux-x64-gnu@16.3.8':
    resolution: {integrity: sha512-lbqOuz3RPRcv+o9msNsJw5x4+Y1ZwPTs6vmL6DCf7i0fZfvng/F59wyeDwqHIvV0mK//RBy/jJkZ+nCKsSMXjQ==}
    engines: {node: '>= 10'}
    cpu: [x64]
    os: [linux]
    libc: [glibc]

  '@next/swc-linux-x64-musl@16.3.8':
    resolution: {integrity: sha512-+316WswI8ScVgZeUd+1KGaXkHhaYQzCjvH/05TZSpJ8zBizb1a4G7DtO7F12jcBIqMOtsz9ji1t48fmKtzqsGA==}
    engines: {node: '>= 10'}
    cpu: [x64]
    os: [linux]
    libc: [musl]

  '@next/swc-win32-arm64-msvc@16.3.8':
    resolution: {integrity: sha512-ji0gd4kMYUxO+1fJBIbiBVRCjzG/lloiyCccnlebvb1ZJ5qXCPZqYg4Jl1DrrixnWNMKylzgpmMWx0yNDYXlzw==}
    engines: {node: '>= 10'}
    cpu: [arm64]
    os: [win32]

  '@next/swc-win32-x64-msvc@16.3.8':
    resolution: {integrity: sha512-WcTlaKt/TWkh5kUjdJcUmB1XgZ+1c6fz4Y9fDHL73YNSdGaUWjceeWrrlwF0nv19iABYWC4iAq1oX1w4Bn0vfg==}
    engines: {node: '>= 10'}
    cpu: [x64]
    os: [win32]

  '@oxfmt/darwin-arm64@0.2.0':
    resolution: {integrity: sha512-NK7iEPqRovUvKac+4dn2ui8v5Y5q6UJ9v4z5Zjr5lmEzTlBwXToP3TwY75IAaCYeu0g8Es7ToJpS7qCQuxUhuA==}
    cpu: [arm64]
    os: [darwin]

  '@oxfmt/darwin-x64@0.2.0':
    resolution: {integrity: sha512-eXDgT+DbIMnA3sWE+w38rOvXaxkP4RvHi41rPpWb9XoRGbM+tOo0c8RYqCIX39n7PizOlbF/xUBh9nMhiW01wQ==}
    cpu: [x64]
    os: [darwin]

  '@oxfmt/linux-arm64-gnu@0.2.0':
    resolution: {integrity: sha512-h4mw9/Lck5X/SU1RPE26VraoBJgn9SOoLl8GnaYvtmRBFHK0v+2KpnBSwMWeiaIxCdJSsrVc9mpKSOcPsen7Cg==}
    cpu: [arm64]
    os: [linux]
    libc: [glibc]

  '@oxfmt/linux-arm64-musl@0.2.0':
    resolution: {integrity: sha512-kDZ/kVCgh9kSczMH2gPXZs+rsY/VcCQ1BoQnND8D3v1Le91LceJ5s/a4XBBA3ADI3NiPdqNmK2ssaxY4BfgXDg==}
    cpu: [arm64]
    os: [linux]
    libc: [musl]

  '@oxfmt/linux-x64-gnu@0.2.0':
    resolution: {integrity: sha512-qvf6cNuf4z3yjzjSvg4Jwr88jDyeFaYPU+4dBWVr6fdWhAA+BIuIvurJWYQGvWNNSkobVWH3A7m+wp+h5fNsSg==}
    cpu: [x64]
    os: [linux]
    libc: [glibc]

  '@oxfmt/linux-x64-musl@0.2.0':
    resolution: {integrity: sha512-D0rw4BVLHEbtMB6p9e+Ph7Y/56oD1DRP4Qcbbv1B1w0kJanWBB3vMH+v2rqgeYsErqJOtLpYRkPFmJSU9In2HA==}
    cpu: [x64]
    os: [linux]
    libc: [musl]

  '@oxfmt/win32-arm64@0.2.0':
    resolution: {integrity: sha512-QM0fP8YUvBNyuNa6d+jNonV34A6zGvvQ2mX93wnERpX25jIbFKljKiKDiWo2M1nUsW8zL2z4ESEeaLO9bx8djg==}
    cpu: [arm64]
    os: [win32]

  '@oxfmt/win32-x64@0.2.0':
    resolution: {integrity: sha512-WkFXliDbwFiziBSfvWXeM0Y3x07Kxxrl39kgsp+N3n5QgzsM8q6qe094+OW+hItDQ+9SSd2y9u231sMCsKxlog==}
    cpu: [x64]
    os: [win32]

  '@supabase/auth-js@2.117.2':
    resolution: {integrity: sha512-Z3WnGwrphYZubrLbxp5Iv0tLA9A5GhvKzJ/ZXglxqwd2QEH2R4dXRltjVJ8sIn4xEW2BSFIGT0yALVJIgZeDYw==}
    engines: {node: '>=22.0.0'}

  '@supabase/functions-js@2.117.2':
    resolution: {integrity: sha512-6DT4ZIjmZxa9ANKaBIrjc86AyKrX8M376ynvNeOBBVad3eP7x3UHqWfDR2ynFkHGzCuOpr1A+kObmnahxuwuog==}
    engines: {node: '>=22.0.0'}

  '@supabase/phoenix@0.4.5':
    resolution: {integrity: sha512-aAn9H9ovVyeApKy11OWOrrOGq8DV68yWeH4ud2lN9fzn4aO8Zb5GLL9m1pUg9nLqIcT+ZDfAcsZe0E/nqdv2lw==}

  '@supabase/postgrest-js@2.117.2':
    resolution: {integrity: sha512-V1Qhn+M8xzJqCasOxHZ2KG19Fj39PxU7weEAmOK65/KTsWCRXboB4hcQwFvxRvM7ZikeP9IZWNvQkfjvSxzYFw==}
    engines: {node: '>=22.0.0'}

  '@supabase/realtime-js@2.117.2':
    resolution: {integrity: sha512-lYXSAIg3eAKA58riUED6Vb+TCzF8jtx18uOoiCaVJ7ZMre6FWBpwB1MPeW+B6vykJT/hPdiuqwcSB7ILMS21ew==}
    engines: {node: '>=22.0.0'}

  '@supabase/ssr@0.12.7':
    resolution: {integrity: sha512-wiBtEie1KkRJi9RrZWY3R2imRhX1JY7qMyUCH2z9AUk15gQebNEplM+urbCKamdxaTJLXUU6LlpkJsaxhojCEg==}
    peerDependencies:
      '@supabase/supabase-js': ^2.114.0

  '@supabase/storage-js@2.117.2':
    resolution: {integrity: sha512-8gAJoVaxZa/War2kFRfJMxGk4M190Q7lJ70BofwGlRxU/u9pIodd6XyTvmXkxOKXWuIYtkDaYPZrIAUt1T/7FQ==}
    engines: {node: '>=22.0.0'}

  '@supabase/supabase-js@2.117.2':
    resolution: {integrity: sha512-eSG2VKnHR+Clp1PmidZ1/weJ8PJwoybjva3L2GgKqFG4YDS1Iqmc61psKGZP5xw6OMT2O7ZorPR42PY6q1BOXg==}
    engines: {node: '>=22.0.0'}
    peerDependencies:
      '@opentelemetry/api': '>=1.0.0'
    peerDependenciesMeta:
      '@opentelemetry/api':
        optional: true

  '@swc/helpers@0.5.23':
    resolution: {integrity: sha512-5lSsMOTXURePglDfvuAQUqkGek9Hg2kksOYay2m0+XR++b2NWYL/4sWyuvVBIs8oKnJaxkdi9whaL/sqN13afw==}

  '@tailwindcss/node@4.3.3':
    resolution: {integrity: sha512-/T8IKEsf9VTU6tLjgC7+sv2mOPtQxzE2jMw7u4Tt40Tx+QSZxpzh95/H6cMKoja9XuW7iMdLJYBB0o9G1CaAgg==}

  '@tailwindcss/oxide-android-arm64@4.3.3':
    resolution: {integrity: sha512-Y85A2gmPSkl5Ve5qR86GL4HT509cFqQh1aes9p3sSkyTPwt0Pppf3GkwGe4JPACcRYjgJIEhQgM6dBClnr0NYw==}
    engines: {node: '>= 20'}
    cpu: [arm64]
    os: [android]

  '@tailwindcss/oxide-darwin-arm64@4.3.3':
    resolution: {integrity: sha512-BiaWatpBcERQFDlOjRDpIVXuFK5PJez5SA4JMg6VYZdBYU+qKfV/vqjcIs+IYmtitf1xYQZTwXvU/8y4lfZUGw==}
    engines: {node: '>= 20'}
    cpu: [arm64]
    os: [darwin]

  '@tailwindcss/oxide-darwin-x64@4.3.3':
    resolution: {integrity: sha512-fAeUqfV5ndhxRwai8cXGzdLvul9utWOmeTkv69unv4ZXixjn61Z+p9lCWdwOwA3TYboG3BwdVuN/RDjhBRl0mw==}
    engines: {node: '>= 20'}
    cpu: [x64]
    os: [darwin]

  '@tailwindcss/oxide-freebsd-x64@4.3.3':
    resolution: {integrity: sha512-iyf5bV6+wnAlflVeEy7R25dupxTNECZN5QMI0qNT6eT+EgaGdZcKhGkr5SdoaWiLJ3spLqIY9VCeSGrwmtg4kw==}
    engines: {node: '>= 20'}
    cpu: [x64]
    os: [freebsd]

  '@tailwindcss/oxide-linux-arm-gnueabihf@4.3.3':
    resolution: {integrity: sha512-aAYUprJAJQWWbRrPvtjdroZ56Md+JM8pMiopS6xGEwDfLhqj+2ver2p4nU4Mb3CRqcMmNBjo8KkUgcxhkzVQGQ==}
    engines: {node: '>= 20'}
    cpu: [arm]
    os: [linux]

  '@tailwindcss/oxide-linux-arm64-gnu@4.3.3':
    resolution: {integrity: sha512-nDxldcEENOxZRzC2uu9jrutZdAAQtb+8WWDCSnWL1zvBk1+FN+x6MtDViPB5AJMfttVCUhehGWus3XBPgatM/w==}
    engines: {node: '>= 20'}
    cpu: [arm64]
    os: [linux]
    libc: [glibc]

  '@tailwindcss/oxide-linux-arm64-musl@4.3.3':
    resolution: {integrity: sha512-Md44bD6veX/PC5iyF8cDVnw4HBIANZepRZZ7a8DQOvkfo5WUBwcp6iAuCUz23u+4SUkhJlD3eL7hNdW8ezd/kA==}
    engines: {node: '>= 20'}
    cpu: [arm64]
    os: [linux]
    libc: [musl]

  '@tailwindcss/oxide-linux-x64-gnu@4.3.3':
    resolution: {integrity: sha512-tx7us1muwOKAKWao2v/GaafFeQboE6aj88vC6ziN2NCGcRm8gWUhwjzg+YdVB1e4boAtdtma4L43onunI6NS4w==}
    engines: {node: '>= 20'}
    cpu: [x64]
    os: [linux]
    libc: [glibc]

  '@tailwindcss/oxide-linux-x64-musl@4.3.3':
    resolution: {integrity: sha512-SJxX60smvHgasZoBy11dX6YRjXJFovwWBoedhbQPOBzgFWBHGB+TVPWB9BxzR7TTxU8FQZAI2AyiNCMzFm8Img==}
    engines: {node: '>= 20'}
    cpu: [x64]
    os: [linux]
    libc: [musl]

  '@tailwindcss/oxide-wasm32-wasi@4.3.3':
    resolution: {integrity: sha512-jx1+rPhY/5Ympkktd656HBWEBLxP7dH06losBLjjf5vgCODXvi9KhtftWcMIwTFIDqBr7cRnQkdLnAG+IOlGvQ==}
    engines: {node: '>=14.0.0'}
    cpu: [wasm32]
    bundledDependencies:
      - '@napi-rs/wasm-runtime'
      - '@emnapi/core'
      - '@emnapi/runtime'
      - '@tybys/wasm-util'
      - '@emnapi/wasi-threads'
      - tslib

  '@tailwindcss/oxide-win32-arm64-msvc@4.3.3':
    resolution: {integrity: sha512-3rc292Ca2ceK6Ulcc/bAVnTs/3nDtoPhyEKlgPv+yQJQi/JS/AMJlqzxvlDacL1nekbrcf6bTqp/jV4qgnPxNQ==}
    engines: {node: '>= 20'}
    cpu: [arm64]
    os: [win32]

  '@tailwindcss/oxide-win32-x64-msvc@4.3.3':
    resolution: {integrity: sha512-yJ0pwIVc/nYeGoV02WtsN8KYyLQv7kyI2wDnkezyJlGGjkd4QLwDGAwl47YpPJeuI0M0ObaXGSPjvWDPeTPggw==}
    engines: {node: '>= 20'}
    cpu: [x64]
    os: [win32]

  '@tailwindcss/oxide@4.3.3':
    resolution: {integrity: sha512-krXjAikiaFSPaK/FkAQT5UTx3VormQaiZ5hBFlJZ9UFQGB/rwg1MZIhHAG9smMQRTdyJxP6Qt5MwMtdyU5FWrA==}
    engines: {node: '>= 20'}

  '@tailwindcss/postcss@4.3.3':
    resolution: {integrity: sha512-JTSZZGQi1AyKirbLN3azmjVzef92tcX7h+iSqPdaeStyFpGpDlKvvpxeOE8njhbUanbRwr3z8DyzhICWnMtQeg==}

  '@tokenizer/inflate@0.4.1':
    resolution: {integrity: sha512-2mAv+8pkG6GIZiF1kNg1jAjh27IDxEPKwdGul3snfztFerfPGI1LjDezZp3i7BElXompqEtPmoPx6c2wgtWsOA==}
    engines: {node: '>=18'}

  '@tokenizer/token@0.3.0':
    resolution: {integrity: sha512-OvjF+z51L3ov0OyAU0duzsYuvO01PH7x4t6DJx+guahgTnBHkhJdG7soQeTSFLWN3efnHyibZ4Z8l2EuWwJN3A==}

  '@types/node@18.19.130':
    resolution: {integrity: sha512-GRaXQx6jGfL8sKfaIDD6OupbIHBr9jv7Jnaml9tB7l4v068PAOXqfcujMMo5PhbIs6ggR1XODELqahT2R8v0fg==}

  '@types/node@22.19.17':
    resolution: {integrity: sha512-wGdMcf+vPYM6jikpS/qhg6WiqSV/OhG+jeeHT/KlVqxYfD40iYJf9/AE1uQxVWFvU7MipKRkRv8NSHiCGgPr8Q==}

  '@types/react-dom@19.2.3':
    resolution: {integrity: sha512-jp2L/eY6fn+KgVVQAOqYItbF0VY/YApe5Mz2F0aykSO8gx31bYCZyvSeYxCHKvzHG5eZjc+zyaS5BrBWya2+kQ==}
    peerDependencies:
      '@types/react': ^19.2.0

  '@types/react@19.2.14':
    resolution: {integrity: sha512-ilcTH/UniCkMdtexkoCN0bI7pMcJDvmQFPvuPvmEaYA/NSfFTAgdUSLAoVjaRJm7+6PvcM+q1zYOwS4wTYMF9w==}

  '@types/ssh2-sftp-client@9.0.6':
    resolution: {integrity: sha512-4+KvXO/V77y9VjI2op2T8+RCGI/GXQAwR0q5Qkj/EJ5YSeyKszqZP6F8i3H3txYoBqjc7sgorqyvBP3+w1EHyg==}

  '@types/ssh2@1.15.6':
    resolution: {integrity: sha512-oGdxhBqcRTwSTKFm+9EiKzkNVYRLEFkcW44lhguvBalGJbWfGnDt/ezwSUZc+SF9m9bMc3VyklNAtp7zICjS5w==}

  asn1@0.2.6:
    resolution: {integrity: sha512-ix/FxPn0MDjeyJ7i/yoHGFt/EX6LyNbxSEhPPXODPL+KB0VPk86UYfL0lMdy+KCnv+fmvIzySwaK5COwqVbWTQ==}

  baseline-browser-mapping@2.11.27:
    resolution: {integrity: sha512-ElY12DaROGuan+lMmZ8Cvo/ZUbXPe7Enc/9VU/b1T3Kp4dwytRcNdR8DoSJN5SNJT/CuvcCA0DHDVmMOCePdRQ==}
    engines: {node: '>=6.0.0'}
    hasBin: true

  bcrypt-pbkdf@1.0.2:
    resolution: {integrity: sha512-qeFIXtP4MSoi6NLqO12WfqARWWuCKi2Rn/9hJLEmtB5yTNr9DqFWkJRCf2qShWzPeAMRnOgCrq0sg/KLv5ES9w==}

  buffer-from@1.1.2:
    resolution: {integrity: sha512-E+XQCRwSbaaiChtv6k6Dwgc+bx+Bs6vuKJHHl5kox/BaKbhiXzqQOwK4cO22yElGp2OCmjwVhT3HmxgyPGnJfQ==}

  buildcheck@0.0.7:
    resolution: {integrity: sha512-lHblz4ahamxpTmnsk+MNTRWsjYKv965MwOrSJyeD588rR3Jcu7swE+0wN5F+PbL5cjgu/9ObkhfzEPuofEMwLA==}
    engines: {node: '>=10.0.0'}

  caniuse-lite@1.0.30001814:
    resolution: {integrity: sha512-/Uaf1lAzr59XcMpW0o96WoEfr+VXK2OX4U9AgFoiSHsVJ4HppnIFUjtYzsyDH2+tgANaQb2/oxYGwCPapN1FpA==}

  client-only@0.0.1:
    resolution: {integrity: sha512-IV3Ou0jSMzZrd3pZ48nLkT9DA7Ag1pnPzaiQhpW7c3RbcqqzvzzVu+L8gfqMp/8IM2MQtSiqaCxrrcfu8I8rMA==}

  concat-stream@2.0.0:
    resolution: {integrity: sha512-MWufYdFw53ccGjCA+Ol7XJYpAlW6/prSMzuPOTRnJGcGzuhLn4Scrz7qf6o8bROZ514ltazcIFJZevcfbo0x7A==}
    engines: {'0': node >= 6.0}

  cookie@1.1.1:
    resolution: {integrity: sha512-ei8Aos7ja0weRpFzJnEA9UHJ/7XQmqglbRwnf2ATjcB9Wq874VKH9kfjjirM6UhU2/E5fFYadylyhFldcqSidQ==}
    engines: {node: '>=18'}

  cpu-features@0.0.10:
    resolution: {integrity: sha512-9IkYqtX3YHPCzoVg1Py+o9057a3i0fp7S530UWokCSaFVTc7CwXPRiOjRjBQQ18ZCNafx78YfnG+HALxtVmOGA==}
    engines: {node: '>=10.0.0'}

  csstype@3.2.3:
    resolution: {integrity: sha512-z1HGKcYy2xA8AGQfwrn0PAy+PB7X/GSj3UVJW9qKyn43xWa+gl5nXmU4qqLMRzWVLFC8KusUX8T/0kCiOYpAIQ==}

  debug@4.4.3:
    resolution: {integrity: sha512-RGwwWnwQvkVfavKVt22FGLw+xYSdzARwm0ru6DhTVA3umU5hZc28V3kO4stgYryrTlLpuvgI9GiijltAjNbcqA==}
    engines: {node: '>=6.0'}
    peerDependencies:
      supports-color: '*'
    peerDependenciesMeta:
      supports-color:
        optional: true

  detect-libc@2.1.2:
    resolution: {integrity: sha512-Btj2BOOO83o3WyH59e8MgXsxEQVcarkUOpEYrubB0urwnN10yQ364rsiByU11nZlqWYZm05i/of7io4mzihBtQ==}
    engines: {node: '>=8'}

  enhanced-resolve@5.26.0:
    resolution: {integrity: sha512-9vhedylFonb2YGogzUKX6+Ja72gOJbN1QHAqdrvqLwhdl/QWbKopzoUC9EbQNVsAns/bx/4uyqalrQAoy1IByw==}
    engines: {node: '>=10.13.0'}

  file-type@22.1.1:
    resolution: {integrity: sha512-sEB0oStmeLGtpmSAD88RDNuLsvhv4iC3u0lE25CUvfCULvj49xoQ3l3K525Vn+ZzsZ6DOLajQCV6RmhwwhqiJg==}
    engines: {node: '>=22'}

  graceful-fs@4.2.11:
    resolution: {integrity: sha512-RbJ5/jmFcNNCcDV5o9eTnBLJ/HszWV0P73bc+Ff4nS/rJj+YaS6IGyiOL0VoBYX+l1Wrl3k63h/KrH+nhJ0XvQ==}

  iceberg-js@0.8.1:
    resolution: {integrity: sha512-1dhVQZXhcHje7798IVM+xoo/1ZdVfzOMIc8/rgVSijRK38EDqOJoGula9N/8ZI5RD8QTxNQtK/Gozpr+qUqRRA==}
    engines: {node: '>=20.0.0'}

  ieee754@1.2.1:
    resolution: {integrity: sha512-dcyqhDvX1C46lXZcVqCpK+FtMRQVdIMN6/Df5js2zouUsqG7I6sFxitIC+7KYK29KdXOLHdu9zL4sFnoVQnqaA==}

  inherits@2.0.4:
    resolution: {integrity: sha512-k/vGaX4/Yla3WzyMCvTQOXYeIHvqOKtnqBduzTHpzpQZzAskKMhZ2K+EnBiSM9zGSoIFeMpXKxa4dYeZIQqewQ==}

  jiti@2.7.0:
    resolution: {integrity: sha512-AC/7JofJvZGrrneWNaEnJeOLUx+JlGt7tNa0wZiRPT4MY1wmfKjt2+6O2p2uz2+skll8OZZmJMNqeke7kKbNgQ==}
    hasBin: true

  lightningcss-android-arm64@1.32.0:
    resolution: {integrity: sha512-YK7/ClTt4kAK0vo6w3X+Pnm0D2cf2vPHbhOXdoNti1Ga0al1P4TBZhwjATvjNwLEBCnKvjJc2jQgHXH0NEwlAg==}
    engines: {node: '>= 12.0.0'}
    cpu: [arm64]
    os: [android]

  lightningcss-darwin-arm64@1.32.0:
    resolution: {integrity: sha512-RzeG9Ju5bag2Bv1/lwlVJvBE3q6TtXskdZLLCyfg5pt+HLz9BqlICO7LZM7VHNTTn/5PRhHFBSjk5lc4cmscPQ==}
    engines: {node: '>= 12.0.0'}
    cpu: [arm64]
    os: [darwin]

  lightningcss-darwin-x64@1.32.0:
    resolution: {integrity: sha512-U+QsBp2m/s2wqpUYT/6wnlagdZbtZdndSmut/NJqlCcMLTWp5muCrID+K5UJ6jqD2BFshejCYXniPDbNh73V8w==}
    engines: {node: '>= 12.0.0'}
    cpu: [x64]
    os: [darwin]

  lightningcss-freebsd-x64@1.32.0:
    resolution: {integrity: sha512-JCTigedEksZk3tHTTthnMdVfGf61Fky8Ji2E4YjUTEQX14xiy/lTzXnu1vwiZe3bYe0q+SpsSH/CTeDXK6WHig==}
    engines: {node: '>= 12.0.0'}
    cpu: [x64]
    os: [freebsd]

  lightningcss-linux-arm-gnueabihf@1.32.0:
    resolution: {integrity: sha512-x6rnnpRa2GL0zQOkt6rts3YDPzduLpWvwAF6EMhXFVZXD4tPrBkEFqzGowzCsIWsPjqSK+tyNEODUBXeeVHSkw==}
    engines: {node: '>= 12.0.0'}
    cpu: [arm]
    os: [linux]

  lightningcss-linux-arm64-gnu@1.32.0:
    resolution: {integrity: sha512-0nnMyoyOLRJXfbMOilaSRcLH3Jw5z9HDNGfT/gwCPgaDjnx0i8w7vBzFLFR1f6CMLKF8gVbebmkUN3fa/kQJpQ==}
    engines: {node: '>= 12.0.0'}
    cpu: [arm64]
    os: [linux]
    libc: [glibc]

  lightningcss-linux-arm64-musl@1.32.0:
    resolution: {integrity: sha512-UpQkoenr4UJEzgVIYpI80lDFvRmPVg6oqboNHfoH4CQIfNA+HOrZ7Mo7KZP02dC6LjghPQJeBsvXhJod/wnIBg==}
    engines: {node: '>= 12.0.0'}
    cpu: [arm64]
    os: [linux]
    libc: [musl]

  lightningcss-linux-x64-gnu@1.32.0:
    resolution: {integrity: sha512-V7Qr52IhZmdKPVr+Vtw8o+WLsQJYCTd8loIfpDaMRWGUZfBOYEJeyJIkqGIDMZPwPx24pUMfwSxxI8phr/MbOA==}
    engines: {node: '>= 12.0.0'}
    cpu: [x64]
    os: [linux]
    libc: [glibc]

  lightningcss-linux-x64-musl@1.32.0:
    resolution: {integrity: sha512-bYcLp+Vb0awsiXg/80uCRezCYHNg1/l3mt0gzHnWV9XP1W5sKa5/TCdGWaR/zBM2PeF/HbsQv/j2URNOiVuxWg==}
    engines: {node: '>= 12.0.0'}
    cpu: [x64]
    os: [linux]
    libc: [musl]

  lightningcss-win32-arm64-msvc@1.32.0:
    resolution: {integrity: sha512-8SbC8BR40pS6baCM8sbtYDSwEVQd4JlFTOlaD3gWGHfThTcABnNDBda6eTZeqbofalIJhFx0qKzgHJmcPTnGdw==}
    engines: {node: '>= 12.0.0'}
    cpu: [arm64]
    os: [win32]

  lightningcss-win32-x64-msvc@1.32.0:
    resolution: {integrity: sha512-Amq9B/SoZYdDi1kFrojnoqPLxYhQ4Wo5XiL8EVJrVsB8ARoC1PWW6VGtT0WKCemjy8aC+louJnjS7U18x3b06Q==}
    engines: {node: '>= 12.0.0'}
    cpu: [x64]
    os: [win32]

  lightningcss@1.32.0:
    resolution: {integrity: sha512-NXYBzinNrblfraPGyrbPoD19C1h9lfI/1mzgWYvXUTe414Gz/X1FD2XBZSZM7rRTrMA8JL3OtAaGifrIKhQ5yQ==}
    engines: {node: '>= 12.0.0'}

  lucide-react@1.51.0:
    resolution: {integrity: sha512-9929jimol5y7VbXUlVKcgURMSeIxFJB7dtWCkRAaNnF7KiCRkSkhmqWPUmAmUFYPezNawFk6qvz3Mu0gEnfI4g==}
    peerDependencies:
      '@types/react': '*'
      react: ^16.5.1 || ^17.0.0 || ^18.0.0 || ^19.0.0
    peerDependenciesMeta:
      '@types/react':
        optional: true

  magic-string@0.30.21:
    resolution: {integrity: sha512-vd2F4YUyEXKGcLHoq+TEyCjxueSeHnFxyyjNp80yg0XV4vUhnDer/lvvlqM/arB5bXQN5K2/3oinyCRyx8T2CQ==}

  ms@2.1.3:
    resolution: {integrity: sha512-6FlzubTLZG3J2a/NVCAleEhjzq5oxgHyaCU9yYXvcLsvoVaHJq/s5xXI6/XXP6tz7R9xAOtHnSO/tXtF3WRTlA==}

  nan@2.29.0:
    resolution: {integrity: sha512-GlGk3HIvitbvs+LT3g6XUP1kpirKNvmDFwF/bmo6XNWSb/eYEs/O4bfgIEIXCZ+lIOTS5xNwDvSGMw6FJdAhtA==}

  nanoid@3.3.19:
    resolution: {integrity: sha512-Y2tUNy4ouw6tq5oDSKeQYGOyhkUBhNOcGV/02KC+6kd9eDGqdZd++mjMiIDilrBYvjEnCYvVtsuHCuP+okSfug==}
    engines: {node: ^10 || ^12 || ^13.7 || ^14 || >=15.0.1}
    hasBin: true

  next@16.3.8:
    resolution: {integrity: sha512-U7QEZaTini6wKrb8A8hqLLqYQyCetegKjCpJOyxk642vWoMoU1x5PyZCJFvgYgiptA8xc5j/9xYlZFO7w9Sjmw==}
    engines: {node: '>=20.9.0'}
    hasBin: true
    peerDependencies:
      '@opentelemetry/api': ^1.1.0
      '@playwright/test': ^1.51.1
      babel-plugin-react-compiler: '*'
      react: ^18.2.0 || 19.0.0-rc-de68d2f4-20241204 || ^19.0.0
      react-dom: ^18.2.0 || 19.0.0-rc-de68d2f4-20241204 || ^19.0.0
      sass: ^1.3.0
    peerDependenciesMeta:
      '@opentelemetry/api':
        optional: true
      '@playwright/test':
        optional: true
      babel-plugin-react-compiler:
        optional: true
      sass:
        optional: true

  oxfmt@0.2.0:
    resolution: {integrity: sha512-99bPAiYDiYikUej8U0Slv8pcFVbMe38Ulm+T6bJ4KQgm+UsbgTKCBpWxbD/LRz1CuYw3PRpqfPv6AkQsIAo3Ag==}
    engines: {node: '>=8.*'}
    hasBin: true

  picocolors@1.1.1:
    resolution: {integrity: sha512-xceH2snhtb5M9liqDsmEw56le376mTZkEX/jEb/RxNFyegNul7eNslCXP9FDj/Lcu0X8KEyMceP2ntpaHrDEVA==}

  postcss@8.5.23:
    resolution: {integrity: sha512-g50586zr4bZmwFiTlflMu8E0bDTb5I5gertgwAKmsdUlTQIhZtunzUlD1WSzwcVWPoAVpsrA6vlfCD7oXvRwgg==}
    engines: {node: ^10 || ^12 || >=14}

  postcss@8.5.28:
    resolution: {integrity: sha512-RRuzqDtt5Y9h3quz5hWhK+TPnsmVs6WwSU6LkJMeY4HstUEDuYTG8UJSdawMRzmzAtV+KEoG8N3Qg2qLy5vM/A==}
    engines: {node: ^10 || ^12 || >=14}

  react-dom@19.2.4:
    resolution: {integrity: sha512-AXJdLo8kgMbimY95O2aKQqsz2iWi9jMgKJhRBAxECE4IFxfcazB2LmzloIoibJI3C12IlY20+KFaLv+71bUJeQ==}
    peerDependencies:
      react: ^19.2.4

  react@19.2.4:
    resolution: {integrity: sha512-9nfp2hYpCwOjAN+8TZFGhtWEwgvWHXqESH8qT89AT/lWklpLON22Lc8pEtnpsZz7VmawabSU0gCjnj8aC0euHQ==}
    engines: {node: '>=0.10.0'}

  readable-stream@3.6.2:
    resolution: {integrity: sha512-9u/sniCrY3D5WdsERHzHE4G2YCXqoG5FTHUiCC4SIbr6XcLZBY05ya9EKjYek9O5xOAwjGq+1JdGBAS7Q9ScoA==}
    engines: {node: '>= 6'}

  safe-buffer@5.2.1:
    resolution: {integrity: sha512-rp3So07KcdmmKbGvgaNxQSJr7bGVSVk5S9Eq1F+ppbRo70+YeaDxkw5Dd8NPN+GD6bjnYm2VuPuCXmpuYvmCXQ==}

  safer-buffer@2.1.2:
    resolution: {integrity: sha512-YZo3K82SD7Riyi0E1EQPojLz7kpepnSQI9IyPbHHg1XXXevb5dJI7tpyN2ADxGcQbHG7vcyRHk0cbwqcQriUtg==}

  scheduler@0.27.0:
    resolution: {integrity: sha512-eNv+WrVbKu1f3vbYJT/xtiF5syA5HPIMtf9IgY/nKg0sWqzAUEvqY/xm7OcZc/qafLx/iO9FgOmeSAp4v5ti/Q==}

  semver@7.8.5:
    resolution: {integrity: sha512-Y7/KDsb8LjooZpwaqGyulO6DQlksgCncchHGk+sZIY4SBvUocMBEFH5Ur1fI4dV+Jvl0w6cjvucaIi40puRioA==}
    engines: {node: '>=10'}
    hasBin: true

  sharp@0.35.5:
    resolution: {integrity: sha512-Ywn4OnzGukp7CDMrp08RQ50YKmuwG47brZgIVPTvBaaAfQlRlygrRqSrxdCiL9M+LlzLBiJ68IR1QqvzHyjC7g==}
    engines: {node: '>=20.9.0'}
    peerDependencies:
      '@types/node': '*'
    peerDependenciesMeta:
      '@types/node':
        optional: true

  source-map-js@1.2.1:
    resolution: {integrity: sha512-UXWMKhLOwVKb728IUtQPXxfYU+usdybtUrK/8uGE8CQMvrhOpwvzDBwj0QhSL7MQc7vIsISBG8VQ8+IDQxpfQA==}
    engines: {node: '>=0.10.0'}

  ssh2-sftp-client@12.1.1:
    resolution: {integrity: sha512-wYVDgwkpcKG2iPGQQ+QR33xkWqLFIaVrYvA+uON4pmxTPaPuB81f1aooUEPN75e/9DCK6rrKYXb6zR6zP3+EtA==}
    engines: {node: '>=18.20.4'}

  ssh2@1.17.0:
    resolution: {integrity: sha512-wPldCk3asibAjQ/kziWQQt1Wh3PgDFpC0XpwclzKcdT1vql6KeYxf5LIt4nlFkUeR8WuphYMKqUA56X4rjbfgQ==}
    engines: {node: '>=10.16.0'}

  string_decoder@1.3.0:
    resolution: {integrity: sha512-hkRX8U1WjJFd8LsDJ2yQ/wWWxaopEsABU1XfkM8A+j0+85JAGppt16cr1Whg6KIbb4okU6Mql6BOj+uup/wKeA==}

  strtok3@10.3.5:
    resolution: {integrity: sha512-ki4hZQfh5rX0QDLLkOCj+h+CVNkqmp/CMf8v8kZpkNVK6jGQooMytqzLZYUVYIZcFZ6yDB70EfD8POcFXiF5oA==}
    engines: {node: '>=18'}

  styled-jsx@5.1.6:
    resolution: {integrity: sha512-qSVyDTeMotdvQYoHWLNGwRFJHC+i+ZvdBRYosOFgC+Wg1vx4frN2/RG/NA7SYqqvKNLf39P2LSRA2pu6n0XYZA==}
    engines: {node: '>= 12.0.0'}
    peerDependencies:
      '@babel/core': '*'
      babel-plugin-macros: '*'
      react: '>= 16.8.0 || 17.x.x || ^18.0.0-0 || ^19.0.0-0'
    peerDependenciesMeta:
      '@babel/core':
        optional: true
      babel-plugin-macros:
        optional: true

  tailwindcss@4.2.2:
    resolution: {integrity: sha512-KWBIxs1Xb6NoLdMVqhbhgwZf2PGBpPEiwOqgI4pFIYbNTfBXiKYyWoTsXgBQ9WFg/OlhnvHaY+AEpW7wSmFo2Q==}

  tailwindcss@4.3.3:
    resolution: {integrity: sha512-gOhV3P7ufE62QDGg1zVaTgCR+EtPv92k2nIhVcVKcLmxT1sUBsQGhnZj175j+MqRt4zLF7ic+sCYjfhxMxj7YQ==}

  tapable@2.3.3:
    resolution: {integrity: sha512-uxc/zpqFg6x7C8vOE7lh6Lbda8eEL9zmVm/PLeTPBRhh1xCgdWaQ+J1CUieGpIfm2HdtsUpRv+HshiasBMcc6A==}
    engines: {node: '>=6'}

  token-types@6.1.2:
    resolution: {integrity: sha512-dRXchy+C0IgK8WPC6xvCHFRIWYUbqqdEIKPaKo/AcTUNzwLTK6AH7RjdLWsEZcAN/TBdtfUw3PYEgPr5VPr6ww==}
    engines: {node: '>=14.16'}

  tslib@2.8.1:
    resolution: {integrity: sha512-oJFu94HQb+KVduSUQL7wnpmqnfmLsOA/nAh6b6EH0wCEoK0/mPeXU6c3wKDV83MkOuHPRHtSXKKU99IBazS/2w==}

  tweetnacl@0.14.5:
    resolution: {integrity: sha512-KXXFFdAbFXY4geFIwoyNK+f5Z1b7swfXABfL7HXCmoIWMKU3dmS26672A4EeQtDzLKy7SXmfBu51JolvEKwtGA==}

  typedarray@0.0.6:
    resolution: {integrity: sha512-/aCDEGatGvZ2BIk+HmLf4ifCJFwvKFNb9/JeZPMulfgFracn9QFcAf5GO8B/mweUjSoblS5In0cWhqpfs/5PQA==}

  typescript@5.9.3:
    resolution: {integrity: sha512-jl1vZzPDinLr9eUt3J/t7V6FgNEw9QjvBPdysz9KfQDD41fQrC2Y4vKQdiaUpFT4bXlb1RHhLpp8wtm6M5TgSw==}
    engines: {node: '>=14.17'}
    hasBin: true

  uint8array-extras@1.6.0:
    resolution: {integrity: sha512-8iAasVS4wUx0gPLjH8Xtz2PeDzTSiy8QiLGu2DT3X5GU+egFEQhpnbtkehbAwjvDcxIERmCYcysiODFmE3Ud0Q==}
    engines: {node: '>=18'}

  undici-types@5.26.5:
    resolution: {integrity: sha512-JlCMO+ehdEIKqlFxk6IfVoAUVmgz7cU7zD/h9XZ0qzeosSHmUJVOzSQvvYSYWXkFXC+IfLKSIffhv0sVZup6pA==}

  undici-types@6.21.0:
    resolution: {integrity: sha512-iwDZqg0QAGrg9Rav5H4n0M64c3mkR59cJ6wQp+7C4nI0gsmExaedaYLNO44eT4AtBBwjbTiGPMlt2Md0T9H9JQ==}

  util-deprecate@1.0.2:
    resolution: {integrity: sha512-EPD5q1uXyFxJpCrLnCc1nHnq3gOa6DZBocAIiI2TaSCA7VCJ1UJDMagCzIkXNsUYfD1daK//LTEQ8xiIbrHtcw==}

snapshots:

  '@alloc/quick-lru@5.3.0': {}

  '@borewit/text-codec@0.2.2': {}

  '@electric-sql/pglite@0.5.8': {}

  '@emnapi/runtime@1.11.3':
    dependencies:
      tslib: 2.8.1
    optional: true

  '@img/colour@1.1.0':
    optional: true

  '@img/sharp-darwin-arm64@0.35.5':
    optionalDependencies:
      '@img/sharp-libvips-darwin-arm64': 1.3.4
    optional: true

  '@img/sharp-darwin-x64@0.35.5':
    optionalDependencies:
      '@img/sharp-libvips-darwin-x64': 1.3.4
    optional: true

  '@img/sharp-freebsd-wasm32@0.35.5':
    dependencies:
      '@img/sharp-wasm32': 0.35.5
    optional: true

  '@img/sharp-libvips-darwin-arm64@1.3.4':
    optional: true

  '@img/sharp-libvips-darwin-x64@1.3.4':
    optional: true

  '@img/sharp-libvips-linux-arm64@1.3.4':
    optional: true

  '@img/sharp-libvips-linux-arm@1.3.4':
    optional: true

  '@img/sharp-libvips-linux-ppc64@1.3.4':
    optional: true

  '@img/sharp-libvips-linux-riscv64@1.3.4':
    optional: true

  '@img/sharp-libvips-linux-s390x@1.3.4':
    optional: true

  '@img/sharp-libvips-linux-x64@1.3.4':
    optional: true

  '@img/sharp-libvips-linuxmusl-arm64@1.3.4':
    optional: true

  '@img/sharp-libvips-linuxmusl-x64@1.3.4':
    optional: true

  '@img/sharp-linux-arm64@0.35.5':
    optionalDependencies:
      '@img/sharp-libvips-linux-arm64': 1.3.4
    optional: true

  '@img/sharp-linux-arm@0.35.5':
    optionalDependencies:
      '@img/sharp-libvips-linux-arm': 1.3.4
    optional: true

  '@img/sharp-linux-ppc64@0.35.5':
    optionalDependencies:
      '@img/sharp-libvips-linux-ppc64': 1.3.4
    optional: true

  '@img/sharp-linux-riscv64@0.35.5':
    optionalDependencies:
      '@img/sharp-libvips-linux-riscv64': 1.3.4
    optional: true

  '@img/sharp-linux-s390x@0.35.5':
    optionalDependencies:
      '@img/sharp-libvips-linux-s390x': 1.3.4
    optional: true

  '@img/sharp-linux-x64@0.35.5':
    optionalDependencies:
      '@img/sharp-libvips-linux-x64': 1.3.4
    optional: true

  '@img/sharp-linuxmusl-arm64@0.35.5':
    optionalDependencies:
      '@img/sharp-libvips-linuxmusl-arm64': 1.3.4
    optional: true

  '@img/sharp-linuxmusl-x64@0.35.5':
    optionalDependencies:
      '@img/sharp-libvips-linuxmusl-x64': 1.3.4
    optional: true

  '@img/sharp-wasm32@0.35.5':
    dependencies:
      '@emnapi/runtime': 1.11.3
    optional: true

  '@img/sharp-webcontainers-wasm32@0.35.5':
    dependencies:
      '@img/sharp-wasm32': 0.35.5
    optional: true

  '@img/sharp-win32-arm64@0.35.5':
    optional: true

  '@img/sharp-win32-ia32@0.35.5':
    optional: true

  '@img/sharp-win32-x64@0.35.5':
    optional: true

  '@jridgewell/gen-mapping@0.3.13':
    dependencies:
      '@jridgewell/sourcemap-codec': 1.5.5
      '@jridgewell/trace-mapping': 0.3.31

  '@jridgewell/remapping@2.3.5':
    dependencies:
      '@jridgewell/gen-mapping': 0.3.13
      '@jridgewell/trace-mapping': 0.3.31

  '@jridgewell/resolve-uri@3.1.2': {}

  '@jridgewell/sourcemap-codec@1.5.5': {}

  '@jridgewell/trace-mapping@0.3.31':
    dependencies:
      '@jridgewell/resolve-uri': 3.1.2
      '@jridgewell/sourcemap-codec': 1.5.5

  '@next/env@16.3.8': {}

  '@next/swc-darwin-arm64@16.3.8':
    optional: true

  '@next/swc-darwin-x64@16.3.8':
    optional: true

  '@next/swc-linux-arm64-gnu@16.3.8':
    optional: true

  '@next/swc-linux-arm64-musl@16.3.8':
    optional: true

  '@next/swc-linux-x64-gnu@16.3.8':
    optional: true

  '@next/swc-linux-x64-musl@16.3.8':
    optional: true

  '@next/swc-win32-arm64-msvc@16.3.8':
    optional: true

  '@next/swc-win32-x64-msvc@16.3.8':
    optional: true

  '@oxfmt/darwin-arm64@0.2.0':
    optional: true

  '@oxfmt/darwin-x64@0.2.0':
    optional: true

  '@oxfmt/linux-arm64-gnu@0.2.0':
    optional: true

  '@oxfmt/linux-arm64-musl@0.2.0':
    optional: true

  '@oxfmt/linux-x64-gnu@0.2.0':
    optional: true

  '@oxfmt/linux-x64-musl@0.2.0':
    optional: true

  '@oxfmt/win32-arm64@0.2.0':
    optional: true

  '@oxfmt/win32-x64@0.2.0':
    optional: true

  '@supabase/auth-js@2.117.2':
    dependencies:
      tslib: 2.8.1

  '@supabase/functions-js@2.117.2':
    dependencies:
      tslib: 2.8.1

  '@supabase/phoenix@0.4.5': {}

  '@supabase/postgrest-js@2.117.2':
    dependencies:
      tslib: 2.8.1

  '@supabase/realtime-js@2.117.2':
    dependencies:
      '@supabase/phoenix': 0.4.5
      tslib: 2.8.1

  '@supabase/ssr@0.12.7(@supabase/supabase-js@2.117.2)':
    dependencies:
      '@supabase/supabase-js': 2.117.2
      cookie: 1.1.1

  '@supabase/storage-js@2.117.2':
    dependencies:
      iceberg-js: 0.8.1
      tslib: 2.8.1

  '@supabase/supabase-js@2.117.2':
    dependencies:
      '@supabase/auth-js': 2.117.2
      '@supabase/functions-js': 2.117.2
      '@supabase/postgrest-js': 2.117.2
      '@supabase/realtime-js': 2.117.2
      '@supabase/storage-js': 2.117.2

  '@swc/helpers@0.5.23':
    dependencies:
      tslib: 2.8.1

  '@tailwindcss/node@4.3.3':
    dependencies:
      '@jridgewell/remapping': 2.3.5
      enhanced-resolve: 5.26.0
      jiti: 2.7.0
      lightningcss: 1.32.0
      magic-string: 0.30.21
      source-map-js: 1.2.1
      tailwindcss: 4.3.3

  '@tailwindcss/oxide-android-arm64@4.3.3':
    optional: true

  '@tailwindcss/oxide-darwin-arm64@4.3.3':
    optional: true

  '@tailwindcss/oxide-darwin-x64@4.3.3':
    optional: true

  '@tailwindcss/oxide-freebsd-x64@4.3.3':
    optional: true

  '@tailwindcss/oxide-linux-arm-gnueabihf@4.3.3':
    optional: true

  '@tailwindcss/oxide-linux-arm64-gnu@4.3.3':
    optional: true

  '@tailwindcss/oxide-linux-arm64-musl@4.3.3':
    optional: true

  '@tailwindcss/oxide-linux-x64-gnu@4.3.3':
    optional: true

  '@tailwindcss/oxide-linux-x64-musl@4.3.3':
    optional: true

  '@tailwindcss/oxide-wasm32-wasi@4.3.3':
    optional: true

  '@tailwindcss/oxide-win32-arm64-msvc@4.3.3':
    optional: true

  '@tailwindcss/oxide-win32-x64-msvc@4.3.3':
    optional: true

  '@tailwindcss/oxide@4.3.3':
    optionalDependencies:
      '@tailwindcss/oxide-android-arm64': 4.3.3
      '@tailwindcss/oxide-darwin-arm64': 4.3.3
      '@tailwindcss/oxide-darwin-x64': 4.3.3
      '@tailwindcss/oxide-freebsd-x64': 4.3.3
      '@tailwindcss/oxide-linux-arm-gnueabihf': 4.3.3
      '@tailwindcss/oxide-linux-arm64-gnu': 4.3.3
      '@tailwindcss/oxide-linux-arm64-musl': 4.3.3
      '@tailwindcss/oxide-linux-x64-gnu': 4.3.3
      '@tailwindcss/oxide-linux-x64-musl': 4.3.3
      '@tailwindcss/oxide-wasm32-wasi': 4.3.3
      '@tailwindcss/oxide-win32-arm64-msvc': 4.3.3
      '@tailwindcss/oxide-win32-x64-msvc': 4.3.3

  '@tailwindcss/postcss@4.3.3':
    dependencies:
      '@alloc/quick-lru': 5.3.0
      '@tailwindcss/node': 4.3.3
      '@tailwindcss/oxide': 4.3.3
      postcss: 8.5.28
      tailwindcss: 4.3.3

  '@tokenizer/inflate@0.4.1':
    dependencies:
      debug: 4.4.3
      token-types: 6.1.2
    transitivePeerDependencies:
      - supports-color

  '@tokenizer/token@0.3.0': {}

  '@types/node@18.19.130':
    dependencies:
      undici-types: 5.26.5

  '@types/node@22.19.17':
    dependencies:
      undici-types: 6.21.0

  '@types/react-dom@19.2.3(@types/react@19.2.14)':
    dependencies:
      '@types/react': 19.2.14

  '@types/react@19.2.14':
    dependencies:
      csstype: 3.2.3

  '@types/ssh2-sftp-client@9.0.6':
    dependencies:
      '@types/ssh2': 1.15.6

  '@types/ssh2@1.15.6':
    dependencies:
      '@types/node': 18.19.130

  asn1@0.2.6:
    dependencies:
      safer-buffer: 2.1.2

  baseline-browser-mapping@2.11.27: {}

  bcrypt-pbkdf@1.0.2:
    dependencies:
      tweetnacl: 0.14.5

  buffer-from@1.1.2: {}

  buildcheck@0.0.7:
    optional: true

  caniuse-lite@1.0.30001814: {}

  client-only@0.0.1: {}

  concat-stream@2.0.0:
    dependencies:
      buffer-from: 1.1.2
      inherits: 2.0.4
      readable-stream: 3.6.2
      typedarray: 0.0.6

  cookie@1.1.1: {}

  cpu-features@0.0.10:
    dependencies:
      buildcheck: 0.0.7
      nan: 2.29.0
    optional: true

  csstype@3.2.3: {}

  debug@4.4.3:
    dependencies:
      ms: 2.1.3

  detect-libc@2.1.2: {}

  enhanced-resolve@5.26.0:
    dependencies:
      graceful-fs: 4.2.11
      tapable: 2.3.3

  file-type@22.1.1:
    dependencies:
      '@tokenizer/inflate': 0.4.1
      strtok3: 10.3.5
      token-types: 6.1.2
      uint8array-extras: 1.6.0
    transitivePeerDependencies:
      - supports-color

  graceful-fs@4.2.11: {}

  iceberg-js@0.8.1: {}

  ieee754@1.2.1: {}

  inherits@2.0.4: {}

  jiti@2.7.0: {}

  lightningcss-android-arm64@1.32.0:
    optional: true

  lightningcss-darwin-arm64@1.32.0:
    optional: true

  lightningcss-darwin-x64@1.32.0:
    optional: true

  lightningcss-freebsd-x64@1.32.0:
    optional: true

  lightningcss-linux-arm-gnueabihf@1.32.0:
    optional: true

  lightningcss-linux-arm64-gnu@1.32.0:
    optional: true

  lightningcss-linux-arm64-musl@1.32.0:
    optional: true

  lightningcss-linux-x64-gnu@1.32.0:
    optional: true

  lightningcss-linux-x64-musl@1.32.0:
    optional: true

  lightningcss-win32-arm64-msvc@1.32.0:
    optional: true

  lightningcss-win32-x64-msvc@1.32.0:
    optional: true

  lightningcss@1.32.0:
    dependencies:
      detect-libc: 2.1.2
    optionalDependencies:
      lightningcss-android-arm64: 1.32.0
      lightningcss-darwin-arm64: 1.32.0
      lightningcss-darwin-x64: 1.32.0
      lightningcss-freebsd-x64: 1.32.0
      lightningcss-linux-arm-gnueabihf: 1.32.0
      lightningcss-linux-arm64-gnu: 1.32.0
      lightningcss-linux-arm64-musl: 1.32.0
      lightningcss-linux-x64-gnu: 1.32.0
      lightningcss-linux-x64-musl: 1.32.0
      lightningcss-win32-arm64-msvc: 1.32.0
      lightningcss-win32-x64-msvc: 1.32.0

  lucide-react@1.51.0(@types/react@19.2.14)(react@19.2.4):
    dependencies:
      react: 19.2.4
    optionalDependencies:
      '@types/react': 19.2.14

  magic-string@0.30.21:
    dependencies:
      '@jridgewell/sourcemap-codec': 1.5.5

  ms@2.1.3: {}

  nan@2.29.0:
    optional: true

  nanoid@3.3.19: {}

  next@16.3.8(@types/node@22.19.17)(react-dom@19.2.4(react@19.2.4))(react@19.2.4):
    dependencies:
      '@next/env': 16.3.8
      '@swc/helpers': 0.5.23
      baseline-browser-mapping: 2.11.27
      caniuse-lite: 1.0.30001814
      postcss: 8.5.23
      react: 19.2.4
      react-dom: 19.2.4(react@19.2.4)
      styled-jsx: 5.1.6(react@19.2.4)
    optionalDependencies:
      '@next/swc-darwin-arm64': 16.3.8
      '@next/swc-darwin-x64': 16.3.8
      '@next/swc-linux-arm64-gnu': 16.3.8
      '@next/swc-linux-arm64-musl': 16.3.8
      '@next/swc-linux-x64-gnu': 16.3.8
      '@next/swc-linux-x64-musl': 16.3.8
      '@next/swc-win32-arm64-msvc': 16.3.8
      '@next/swc-win32-x64-msvc': 16.3.8
      sharp: 0.35.5(@types/node@22.19.17)
    transitivePeerDependencies:
      - '@babel/core'
      - '@types/node'
      - babel-plugin-macros

  oxfmt@0.2.0:
    optionalDependencies:
      '@oxfmt/darwin-arm64': 0.2.0
      '@oxfmt/darwin-x64': 0.2.0
      '@oxfmt/linux-arm64-gnu': 0.2.0
      '@oxfmt/linux-arm64-musl': 0.2.0
      '@oxfmt/linux-x64-gnu': 0.2.0
      '@oxfmt/linux-x64-musl': 0.2.0
      '@oxfmt/win32-arm64': 0.2.0
      '@oxfmt/win32-x64': 0.2.0

  picocolors@1.1.1: {}

  postcss@8.5.23:
    dependencies:
      nanoid: 3.3.19
      picocolors: 1.1.1
      source-map-js: 1.2.1

  postcss@8.5.28:
    dependencies:
      nanoid: 3.3.19
      picocolors: 1.1.1
      source-map-js: 1.2.1

  react-dom@19.2.4(react@19.2.4):
    dependencies:
      react: 19.2.4
      scheduler: 0.27.0

  react@19.2.4: {}

  readable-stream@3.6.2:
    dependencies:
      inherits: 2.0.4
      string_decoder: 1.3.0
      util-deprecate: 1.0.2

  safe-buffer@5.2.1: {}

  safer-buffer@2.1.2: {}

  scheduler@0.27.0: {}

  semver@7.8.5:
    optional: true

  sharp@0.35.5(@types/node@22.19.17):
    dependencies:
      '@img/colour': 1.1.0
      detect-libc: 2.1.2
      semver: 7.8.5
    optionalDependencies:
      '@img/sharp-darwin-arm64': 0.35.5
      '@img/sharp-darwin-x64': 0.35.5
      '@img/sharp-freebsd-wasm32': 0.35.5
      '@img/sharp-libvips-darwin-arm64': 1.3.4
      '@img/sharp-libvips-darwin-x64': 1.3.4
      '@img/sharp-libvips-linux-arm': 1.3.4
      '@img/sharp-libvips-linux-arm64': 1.3.4
      '@img/sharp-libvips-linux-ppc64': 1.3.4
      '@img/sharp-libvips-linux-riscv64': 1.3.4
      '@img/sharp-libvips-linux-s390x': 1.3.4
      '@img/sharp-libvips-linux-x64': 1.3.4
      '@img/sharp-libvips-linuxmusl-arm64': 1.3.4
      '@img/sharp-libvips-linuxmusl-x64': 1.3.4
      '@img/sharp-linux-arm': 0.35.5
      '@img/sharp-linux-arm64': 0.35.5
      '@img/sharp-linux-ppc64': 0.35.5
      '@img/sharp-linux-riscv64': 0.35.5
      '@img/sharp-linux-s390x': 0.35.5
      '@img/sharp-linux-x64': 0.35.5
      '@img/sharp-linuxmusl-arm64': 0.35.5
      '@img/sharp-linuxmusl-x64': 0.35.5
      '@img/sharp-webcontainers-wasm32': 0.35.5
      '@img/sharp-win32-arm64': 0.35.5
      '@img/sharp-win32-ia32': 0.35.5
      '@img/sharp-win32-x64': 0.35.5
      '@types/node': 22.19.17
    optional: true

  source-map-js@1.2.1: {}

  ssh2-sftp-client@12.1.1:
    dependencies:
      concat-stream: 2.0.0
      ssh2: 1.17.0

  ssh2@1.17.0:
    dependencies:
      asn1: 0.2.6
      bcrypt-pbkdf: 1.0.2
    optionalDependencies:
      cpu-features: 0.0.10
      nan: 2.29.0

  string_decoder@1.3.0:
    dependencies:
      safe-buffer: 5.2.1

  strtok3@10.3.5:
    dependencies:
      '@tokenizer/token': 0.3.0

  styled-jsx@5.1.6(react@19.2.4):
    dependencies:
      client-only: 0.0.1
      react: 19.2.4

  tailwindcss@4.2.2: {}

  tailwindcss@4.3.3: {}

  tapable@2.3.3: {}

  token-types@6.1.2:
    dependencies:
      '@borewit/text-codec': 0.2.2
      '@tokenizer/token': 0.3.0
      ieee754: 1.2.1

  tslib@2.8.1: {}

  tweetnacl@0.14.5: {}

  typedarray@0.0.6: {}

  typescript@5.9.3: {}

  uint8array-extras@1.6.0: {}

  undici-types@5.26.5: {}

  undici-types@6.21.0: {}

  util-deprecate@1.0.2: {}
